
Microsoft Visual Studio Solution File, Format Version 12.00
# Visual Studio Version 17
VisualStudioVersion = 17.14.36616.10 d17.14
MinimumVisualStudioVersion = 10.0.40219.1
Project("{FAE04EC0-301F-11D3-BF4B-00C04F79EFBC}") = "ConsoleApp1", "ConsoleApp1\ConsoleApp1.csproj", "{F7E3A808-0F5A-48C5-A5E0-9DAA57006166}"
EndProject
Global
	GlobalSection(SolutionConfigurationPlatforms) = preSolution
		Debug|Any CPU = Debug|Any CPU
		Release|Any CPU = Release|Any CPU
	EndGlobalSection
	GlobalSection(ProjectConfigurationPlatforms) = postSolution
		{F7E3A808-0F5A-48C5-A5E0-9DAA57006166}.Debug|Any CPU.ActiveCfg = Debug|Any CPU
		{F7E3A808-0F5A-48C5-A5E0-9DAA57006166}.Debug|Any CPU.Build.0 = Debug|Any CPU
		{F7E3A808-0F5A-48C5-A5E0-9DAA57006166}.Release|Any CPU.ActiveCfg = Release|Any CPU
		{F7E3A808-0F5A-48C5-A5E0-9DAA57006166}.Release|Any CPU.Build.0 = Release|Any CPU
	EndGlobalSection
	GlobalSection(SolutionProperties) = preSolution
		HideSolutionNode = FALSE
	EndGlobalSection
	GlobalSection(ExtensibilityGlobals) = postSolution
		SolutionGuid = {2969B160-ED1A-472C-A71C-B91BCAF346C4}
	EndGlobalSection
EndGlobal
